<?xml version="1.0" encoding="utf-8"?>
<Project ToolsVersion="4.0" xmlns="http://schemas.microsoft.com/developer/msbuild/2003">
  <ItemGroup>
    <Filter Include="소스 파일">
      <UniqueIdentifier>{4FC737F1-C7A5-4376-A066-2A32D752A2FF}</UniqueIdentifier>
      <Extensions>cpp;c;cc;cxx;def;odl;idl;hpj;bat;asm;asmx</Extensions>
    </Filter>
    <Filter Include="헤더 파일">
      <UniqueIdentifier>{93995380-89BD-4b04-88EB-625FBE52EBFB}</UniqueIdentifier>
      <Extensions>h;hh;hpp;hxx;hm;inl;inc;ipp;xsd</Extensions>
    </Filter>
    <Filter Include="리소스 파일">
      <UniqueIdentifier>{67DA6AB6-F800-4c08-8B7A-83BB121AAD01}</UniqueIdentifier>
      <Extensions>rc;ico;cur;bmp;dlg;rc2;rct;bin;rgs;gif;jpg;jpeg;jpe;resx;tiff;tif;png;wav;mfcribbon-ms</Extensions>
    </Filter>
  </ItemGroup>
  <ItemGroup>
    <ClCompile Include="6장.cpp">
      <Filter>소스 파일</Filter>
    </ClCompile>
    <ClCompile Include="6장checktime.cpp">
      <Filter>소스 파일</Filter>
    </ClCompile>
    <ClCompile Include="1장.cpp">
      <Filter>소스 파일</Filter>
    </ClCompile>
    <ClCompile Include="..\..\study_c++_in_cafe_20191012\study_c++_in_cafe_20191012\1주차 2.cpp">
      <Filter>소스 파일</Filter>
    </ClCompile>
    <ClCompile Include="..\..\study_c++_in_cafe_20191012\study_c++_in_cafe_20191012\1주차 3.cpp">
      <Filter>소스 파일</Filter>
    </ClCompile>
    <ClCompile Include="..\..\study_c++_in_cafe_20191012\study_c++_in_cafe_20191012\1주차 4 제네릭 프로그래밍.cpp">
      <Filter>소스 파일</Filter>
    </ClCompile>
    <ClCompile Include="..\..\study_c++_in_cafe_20191012\study_c++_in_cafe_20191012\1주차 4 화면 출.cpp">
      <Filter>소스 파일</Filter>
    </ClCompile>
    <ClCompile Include="..\..\study_c++_in_cafe_20191012\study_c++_in_cafe_20191012\1주차 5 namespace_변수.cpp">
      <Filter>소스 파일</Filter>
    </ClCompile>
    <ClCompile Include="..\..\study_c++_in_cafe_20191012\study_c++_in_cafe_20191012\1주차.cpp">
      <Filter>소스 파일</Filter>
    </ClCompile>
    <ClCompile Include="..\..\study_c++_in_cafe_20191012\study_c++_in_cafe_20191012\2장 namespace .cpp">
      <Filter>소스 파일</Filter>
    </ClCompile>
    <ClCompile Include="..\..\study_c++_in_cafe_20191012\study_c++_in_cafe_20191012\2장 문자열다루기.cpp">
      <Filter>소스 파일</Filter>
    </ClCompile>
    <ClCompile Include="..\..\study_c++_in_cafe_20191012\study_c++_in_cafe_20191012\2장 헤더.cpp">
      <Filter>소스 파일</Filter>
    </ClCompile>
    <ClCompile Include="2장실습1.cpp">
      <Filter>소스 파일</Filter>
    </ClCompile>
    <ClCompile Include="..\..\study_c++_in_cafe_20191012\study_c++_in_cafe_20191012\2장실습1.cpp">
      <Filter>소스 파일</Filter>
    </ClCompile>
    <ClCompile Include="2장실습2.cpp">
      <Filter>소스 파일</Filter>
    </ClCompile>
    <ClCompile Include="2장실습3.cpp">
      <Filter>소스 파일</Filter>
    </ClCompile>
    <ClCompile Include="..\..\study_c++_in_cafe_20191012\study_c++_in_cafe_20191012\3장 1_class.cpp">
      <Filter>소스 파일</Filter>
    </ClCompile>
    <ClCompile Include="..\..\study_c++_in_cafe_20191012\study_c++_in_cafe_20191012\3장 check_time.cpp">
      <Filter>소스 파일</Filter>
    </ClCompile>
    <ClCompile Include="..\..\study_c++_in_cafe_20191012\study_c++_in_cafe_20191012\3장 소멸자.cpp">
      <Filter>소스 파일</Filter>
    </ClCompile>
    <ClCompile Include="3장연습.cpp">
      <Filter>소스 파일</Filter>
    </ClCompile>
    <ClCompile Include="4-13.cpp">
      <Filter>소스 파일</Filter>
    </ClCompile>
    <ClCompile Include="4장checktime.cpp">
      <Filter>소스 파일</Filter>
    </ClCompile>
    <ClCompile Include="5-4실습.cpp">
      <Filter>소스 파일</Filter>
    </ClCompile>
    <ClCompile Include="5-6.cpp">
      <Filter>소스 파일</Filter>
    </ClCompile>
    <ClCompile Include="5-12.cpp">
      <Filter>소스 파일</Filter>
    </ClCompile>
    <ClCompile Include="5장.cpp">
      <Filter>소스 파일</Filter>
    </ClCompile>
    <ClCompile Include="5장실습.cpp">
      <Filter>소스 파일</Filter>
    </ClCompile>
    <ClCompile Include="6-10.cpp">
      <Filter>소스 파일</Filter>
    </ClCompile>
    <ClCompile Include="7장.cpp">
      <Filter>소스 파일</Filter>
    </ClCompile>
    <ClCompile Include="7장checktime.cpp">
      <Filter>소스 파일</Filter>
    </ClCompile>
    <ClCompile Include="소스.cpp">
      <Filter>소스 파일</Filter>
    </ClCompile>
  </ItemGroup>
  <ItemGroup>
    <ClInclude Include="..\..\study_c++_in_cafe_20191012\study_c++_in_cafe_20191012\Circle.h">
      <Filter>헤더 파일</Filter>
    </ClInclude>
    <ClInclude Include="..\..\study_c++_in_cafe_20191012\study_c++_in_cafe_20191012\kitae.h">
      <Filter>헤더 파일</Filter>
    </ClInclude>
    <ClInclude Include="..\..\study_c++_in_cafe_20191012\study_c++_in_cafe_20191012\mike.h">
      <Filter>헤더 파일</Filter>
    </ClInclude>
  </ItemGroup>
</Project>