<?xml version="1.0" encoding="utf-8"?>
<Project ToolsVersion="4.0" xmlns="http://schemas.microsoft.com/developer/msbuild/2003">
  <ItemGroup>
    <Filter Include="소스 파일">
      <UniqueIdentifier>{4FC737F1-C7A5-4376-A066-2A32D752A2FF}</UniqueIdentifier>
      <Extensions>cpp;c;cc;cxx;def;odl;idl;hpj;bat;asm;asmx</Extensions>
    </Filter>
    <Filter Include="헤더 파일">
      <UniqueIdentifier>{93995380-89BD-4b04-88EB-625FBE52EBFB}</UniqueIdentifier>
      <Extensions>h;hh;hpp;hxx;hm;inl;inc;ipp;xsd</Extensions>
    </Filter>
    <Filter Include="리소스 파일">
      <UniqueIdentifier>{67DA6AB6-F800-4c08-8B7A-83BB121AAD01}</UniqueIdentifier>
      <Extensions>rc;ico;cur;bmp;dlg;rc2;rct;bin;rgs;gif;jpg;jpeg;jpe;resx;tiff;tif;png;wav;mfcribbon-ms</Extensions>
    </Filter>
  </ItemGroup>
  <ItemGroup>
    <ClCompile Include="10장.cpp">
      <Filter>소스 파일</Filter>
    </ClCompile>
    <ClCompile Include="10-1 제네릭 myswap.cpp">
      <Filter>소스 파일</Filter>
    </ClCompile>
    <ClCompile Include="10-2 큰값 리턴 bigger함수.cpp">
      <Filter>소스 파일</Filter>
    </ClCompile>
    <ClCompile Include="10-3 배열합리턴.cpp">
      <Filter>소스 파일</Filter>
    </ClCompile>
    <ClCompile Include="10-4.cpp">
      <Filter>소스 파일</Filter>
    </ClCompile>
    <ClCompile Include="10-5 중복함수.cpp">
      <Filter>소스 파일</Filter>
    </ClCompile>
    <ClCompile Include="10-6 제네릭 스택 클래스 만들기.cpp">
      <Filter>소스 파일</Filter>
    </ClCompile>
    <ClCompile Include="10-7 제네릭 포인터.cpp">
      <Filter>소스 파일</Filter>
    </ClCompile>
    <ClCompile Include="10-8 두 개의 제네릭타입.cpp">
      <Filter>소스 파일</Filter>
    </ClCompile>
    <ClCompile Include="10-9 VECTOR 컨테이너.cpp">
      <Filter>소스 파일</Filter>
    </ClCompile>
    <ClCompile Include="10-10 문자열 저장 벡터.cpp">
      <Filter>소스 파일</Filter>
    </ClCompile>
    <ClCompile Include="10-11 ITERATOR(반복자,포인터).cpp">
      <Filter>소스 파일</Filter>
    </ClCompile>
    <ClCompile Include="10-12 MAP으로 영한사전 만들기.cpp">
      <Filter>소스 파일</Filter>
    </ClCompile>
    <ClCompile Include="10-13 SORT함수.cpp">
      <Filter>소스 파일</Filter>
    </ClCompile>
    <ClCompile Include="10-14 AUTO 변수.cpp">
      <Filter>소스 파일</Filter>
    </ClCompile>
    <ClCompile Include="10-16 AUTO 람다식.cpp">
      <Filter>소스 파일</Filter>
    </ClCompile>
    <ClCompile Include="10-17 캡쳐 리스트 와 리턴 람다식.cpp">
      <Filter>소스 파일</Filter>
    </ClCompile>
    <ClCompile Include="10-18 캡쳐 리스트 참조 활용.cpp">
      <Filter>소스 파일</Filter>
    </ClCompile>
    <ClCompile Include="10-19 STL for each()함수.cpp">
      <Filter>소스 파일</Filter>
    </ClCompile>
    <ClCompile Include="10-20 for each 람다식.cpp">
      <Filter>소스 파일</Filter>
    </ClCompile>
    <ClCompile Include="실습1 두배열 비교.cpp">
      <Filter>소스 파일</Filter>
    </ClCompile>
    <ClCompile Include="실습2 배열에서 원소찾기.cpp">
      <Filter>소스 파일</Filter>
    </ClCompile>
    <ClCompile Include="실습 3-1 circle 클래스의 bigger탬플릿.cpp">
      <Filter>소스 파일</Filter>
    </ClCompile>
    <ClCompile Include="3-2 bigger를 operator(순수가상함수).cpp">
      <Filter>소스 파일</Filter>
    </ClCompile>
    <ClCompile Include="3-2-1 번외.cpp">
      <Filter>소스 파일</Filter>
    </ClCompile>
    <ClCompile Include="실습4 stl vector로 입력숫자 평균구하기.cpp">
      <Filter>소스 파일</Filter>
    </ClCompile>
    <ClCompile Include="4-2 iterator.cpp">
      <Filter>소스 파일</Filter>
    </ClCompile>
  </ItemGroup>
</Project>