
Microsoft Visual Studio Solution File, Format Version 12.00
# Visual Studio Version 16
VisualStudioVersion = 16.0.29215.179
MinimumVisualStudioVersion = 10.0.40219.1
Project("{8BC9CEB8-8B4A-11D0-8D11-00A0C91BC942}") = "20191125_c++(개선)", "20191125_c++(개선)\20191125_c++(개선).vcxproj", "{F45CEEBB-4BD5-4864-8BA6-9260EA2322F7}"
EndProject
Global
	GlobalSection(SolutionConfigurationPlatforms) = preSolution
		Debug|x64 = Debug|x64
		Debug|x86 = Debug|x86
		Release|x64 = Release|x64
		Release|x86 = Release|x86
	EndGlobalSection
	GlobalSection(ProjectConfigurationPlatforms) = postSolution
		{F45CEEBB-4BD5-4864-8BA6-9260EA2322F7}.Debug|x64.ActiveCfg = Debug|x64
		{F45CEEBB-4BD5-4864-8BA6-9260EA2322F7}.Debug|x64.Build.0 = Debug|x64
		{F45CEEBB-4BD5-4864-8BA6-9260EA2322F7}.Debug|x86.ActiveCfg = Debug|Win32
		{F45CEEBB-4BD5-4864-8BA6-9260EA2322F7}.Debug|x86.Build.0 = Debug|Win32
		{F45CEEBB-4BD5-4864-8BA6-9260EA2322F7}.Release|x64.ActiveCfg = Release|x64
		{F45CEEBB-4BD5-4864-8BA6-9260EA2322F7}.Release|x64.Build.0 = Release|x64
		{F45CEEBB-4BD5-4864-8BA6-9260EA2322F7}.Release|x86.ActiveCfg = Release|Win32
		{F45CEEBB-4BD5-4864-8BA6-9260EA2322F7}.Release|x86.Build.0 = Release|Win32
	EndGlobalSection
	GlobalSection(SolutionProperties) = preSolution
		HideSolutionNode = FALSE
	EndGlobalSection
	GlobalSection(ExtensibilityGlobals) = postSolution
		SolutionGuid = {E81BD37A-7018-438E-98D7-3F80356049C5}
	EndGlobalSection
EndGlobal
